{
    "name": "castj2py",
    "version": "0.1",
    "lockfileVersion": 3,
    "requires": true,
    "packages": {
        "": {
            "name": "castj2py",
            "version": "0.1",
            "license": "MIT",
            "dependencies": {
                "castj2py": "file:"
            }
        },
        "node_modules/castj2py": {
            "resolved": "",
            "link": true
        }
    }
}
